
Microsoft Visual Studio Solution File, Format Version 12.00
# Visual Studio 15
VisualStudioVersion = 15.0.28307.1062
MinimumVisualStudioVersion = 10.0.40219.1
Project("{9A19103F-16F7-4668-BE54-9A1E7A4F7556}") = "Baekjoon_9095_sum_1_2_3", "Baekjoon_9095_sum_1_2_3\Baekjoon_9095_sum_1_2_3.csproj", "{CBC36123-56B7-474E-8B8F-11975CC97A70}"
EndProject
Project("{9A19103F-16F7-4668-BE54-9A1E7A4F7556}") = "Baekjoon_2875_contest_or_intern", "Baekjoon_2875_contest_or_intern\Baekjoon_2875_contest_or_intern.csproj", "{3D0C6DF5-7C3F-4468-A360-DF04AD170096}"
EndProject
Project("{9A19103F-16F7-4668-BE54-9A1E7A4F7556}") = "Baekjoon_10026_redgreen_cannot_divide", "Baekjoon_10026_redgreen_cannot_divide\Baekjoon_10026_redgreen_cannot_divide.csproj", "{50CF764E-C1E6-4B63-B8A0-5724E1C995E6}"
EndProject
Project("{9A19103F-16F7-4668-BE54-9A1E7A4F7556}") = "TopologicalSort", "TopologicalSort\TopologicalSort.csproj", "{9EE6B950-14DE-4386-9443-8F65F4A07D26}"
EndProject
Project("{9A19103F-16F7-4668-BE54-9A1E7A4F7556}") = "Baekjoon_17613", "Baekjoon_17613\Baekjoon_17613.csproj", "{34729752-4E69-4CA2-97A6-600338FF9CB3}"
EndProject
Project("{FAE04EC0-301F-11D3-BF4B-00C04F79EFBC}") = "Baekjoon_2381_maximum_length", "Baekjoon_2381_maximum_length\Baekjoon_2381_maximum_length.csproj", "{81EEB236-D7B1-4770-8740-5A2241498135}"
EndProject
Project("{FAE04EC0-301F-11D3-BF4B-00C04F79EFBC}") = "Baekjoon_14888", "Baekjoon_14888\Baekjoon_14888.csproj", "{37CE3CF1-5CA7-42F2-A931-401406E949EC}"
EndProject
Project("{FAE04EC0-301F-11D3-BF4B-00C04F79EFBC}") = "Baekjoon_14890_GyungSaRo", "Baekjoon_14890_GyungSaRo\Baekjoon_14890_GyungSaRo.csproj", "{6166182F-DCBB-45CC-B43B-23B90D96A9D7}"
EndProject
Project("{9A19103F-16F7-4668-BE54-9A1E7A4F7556}") = "Baekjoon_2655", "Baekjoon_2655\Baekjoon_2655.csproj", "{F5E83BF6-4B91-4FEC-8DF2-4B5850229A4A}"
EndProject
Project("{FAE04EC0-301F-11D3-BF4B-00C04F79EFBC}") = "Baekjoon_2644", "Baekjoon_2644\Baekjoon_2644.csproj", "{BF7664B1-26F3-4330-AA82-67AA922EE3DA}"
EndProject
Project("{9A19103F-16F7-4668-BE54-9A1E7A4F7556}") = "Baekjoon_13460", "Baekjoon_13460\Baekjoon_13460.csproj", "{5839C3CD-84CA-47C1-BB8B-BC4C63FC27E2}"
EndProject
Project("{FAE04EC0-301F-11D3-BF4B-00C04F79EFBC}") = "Baekjoon_3055", "Baekjoon_3055\Baekjoon_3055.csproj", "{979C6E92-2AAE-44FF-8CB0-25B55B4B0EE8}"
EndProject
Project("{FAE04EC0-301F-11D3-BF4B-00C04F79EFBC}") = "Baekjoon_15999", "Baekjoon_15999\Baekjoon_15999.csproj", "{3EFC107F-BD76-4F06-B954-A6C52FE71933}"
EndProject
Global
	GlobalSection(SolutionConfigurationPlatforms) = preSolution
		Debug|Any CPU = Debug|Any CPU
		Release|Any CPU = Release|Any CPU
	EndGlobalSection
	GlobalSection(ProjectConfigurationPlatforms) = postSolution
		{CBC36123-56B7-474E-8B8F-11975CC97A70}.Debug|Any CPU.ActiveCfg = Debug|Any CPU
		{CBC36123-56B7-474E-8B8F-11975CC97A70}.Debug|Any CPU.Build.0 = Debug|Any CPU
		{CBC36123-56B7-474E-8B8F-11975CC97A70}.Release|Any CPU.ActiveCfg = Release|Any CPU
		{CBC36123-56B7-474E-8B8F-11975CC97A70}.Release|Any CPU.Build.0 = Release|Any CPU
		{3D0C6DF5-7C3F-4468-A360-DF04AD170096}.Debug|Any CPU.ActiveCfg = Debug|Any CPU
		{3D0C6DF5-7C3F-4468-A360-DF04AD170096}.Debug|Any CPU.Build.0 = Debug|Any CPU
		{3D0C6DF5-7C3F-4468-A360-DF04AD170096}.Release|Any CPU.ActiveCfg = Release|Any CPU
		{3D0C6DF5-7C3F-4468-A360-DF04AD170096}.Release|Any CPU.Build.0 = Release|Any CPU
		{50CF764E-C1E6-4B63-B8A0-5724E1C995E6}.Debug|Any CPU.ActiveCfg = Debug|Any CPU
		{50CF764E-C1E6-4B63-B8A0-5724E1C995E6}.Debug|Any CPU.Build.0 = Debug|Any CPU
		{50CF764E-C1E6-4B63-B8A0-5724E1C995E6}.Release|Any CPU.ActiveCfg = Release|Any CPU
		{50CF764E-C1E6-4B63-B8A0-5724E1C995E6}.Release|Any CPU.Build.0 = Release|Any CPU
		{9EE6B950-14DE-4386-9443-8F65F4A07D26}.Debug|Any CPU.ActiveCfg = Debug|Any CPU
		{9EE6B950-14DE-4386-9443-8F65F4A07D26}.Debug|Any CPU.Build.0 = Debug|Any CPU
		{9EE6B950-14DE-4386-9443-8F65F4A07D26}.Release|Any CPU.ActiveCfg = Release|Any CPU
		{9EE6B950-14DE-4386-9443-8F65F4A07D26}.Release|Any CPU.Build.0 = Release|Any CPU
		{34729752-4E69-4CA2-97A6-600338FF9CB3}.Debug|Any CPU.ActiveCfg = Debug|Any CPU
		{34729752-4E69-4CA2-97A6-600338FF9CB3}.Debug|Any CPU.Build.0 = Debug|Any CPU
		{34729752-4E69-4CA2-97A6-600338FF9CB3}.Release|Any CPU.ActiveCfg = Release|Any CPU
		{34729752-4E69-4CA2-97A6-600338FF9CB3}.Release|Any CPU.Build.0 = Release|Any CPU
		{81EEB236-D7B1-4770-8740-5A2241498135}.Debug|Any CPU.ActiveCfg = Debug|Any CPU
		{81EEB236-D7B1-4770-8740-5A2241498135}.Debug|Any CPU.Build.0 = Debug|Any CPU
		{81EEB236-D7B1-4770-8740-5A2241498135}.Release|Any CPU.ActiveCfg = Release|Any CPU
		{81EEB236-D7B1-4770-8740-5A2241498135}.Release|Any CPU.Build.0 = Release|Any CPU
		{37CE3CF1-5CA7-42F2-A931-401406E949EC}.Debug|Any CPU.ActiveCfg = Debug|Any CPU
		{37CE3CF1-5CA7-42F2-A931-401406E949EC}.Debug|Any CPU.Build.0 = Debug|Any CPU
		{37CE3CF1-5CA7-42F2-A931-401406E949EC}.Release|Any CPU.ActiveCfg = Release|Any CPU
		{37CE3CF1-5CA7-42F2-A931-401406E949EC}.Release|Any CPU.Build.0 = Release|Any CPU
		{6166182F-DCBB-45CC-B43B-23B90D96A9D7}.Debug|Any CPU.ActiveCfg = Debug|Any CPU
		{6166182F-DCBB-45CC-B43B-23B90D96A9D7}.Debug|Any CPU.Build.0 = Debug|Any CPU
		{6166182F-DCBB-45CC-B43B-23B90D96A9D7}.Release|Any CPU.ActiveCfg = Release|Any CPU
		{6166182F-DCBB-45CC-B43B-23B90D96A9D7}.Release|Any CPU.Build.0 = Release|Any CPU
		{F5E83BF6-4B91-4FEC-8DF2-4B5850229A4A}.Debug|Any CPU.ActiveCfg = Debug|Any CPU
		{F5E83BF6-4B91-4FEC-8DF2-4B5850229A4A}.Debug|Any CPU.Build.0 = Debug|Any CPU
		{F5E83BF6-4B91-4FEC-8DF2-4B5850229A4A}.Release|Any CPU.ActiveCfg = Release|Any CPU
		{F5E83BF6-4B91-4FEC-8DF2-4B5850229A4A}.Release|Any CPU.Build.0 = Release|Any CPU
		{BF7664B1-26F3-4330-AA82-67AA922EE3DA}.Debug|Any CPU.ActiveCfg = Debug|Any CPU
		{BF7664B1-26F3-4330-AA82-67AA922EE3DA}.Debug|Any CPU.Build.0 = Debug|Any CPU
		{BF7664B1-26F3-4330-AA82-67AA922EE3DA}.Release|Any CPU.ActiveCfg = Release|Any CPU
		{BF7664B1-26F3-4330-AA82-67AA922EE3DA}.Release|Any CPU.Build.0 = Release|Any CPU
		{5839C3CD-84CA-47C1-BB8B-BC4C63FC27E2}.Debug|Any CPU.ActiveCfg = Debug|Any CPU
		{5839C3CD-84CA-47C1-BB8B-BC4C63FC27E2}.Debug|Any CPU.Build.0 = Debug|Any CPU
		{5839C3CD-84CA-47C1-BB8B-BC4C63FC27E2}.Release|Any CPU.ActiveCfg = Release|Any CPU
		{5839C3CD-84CA-47C1-BB8B-BC4C63FC27E2}.Release|Any CPU.Build.0 = Release|Any CPU
		{979C6E92-2AAE-44FF-8CB0-25B55B4B0EE8}.Debug|Any CPU.ActiveCfg = Debug|Any CPU
		{979C6E92-2AAE-44FF-8CB0-25B55B4B0EE8}.Debug|Any CPU.Build.0 = Debug|Any CPU
		{979C6E92-2AAE-44FF-8CB0-25B55B4B0EE8}.Release|Any CPU.ActiveCfg = Release|Any CPU
		{979C6E92-2AAE-44FF-8CB0-25B55B4B0EE8}.Release|Any CPU.Build.0 = Release|Any CPU
		{3EFC107F-BD76-4F06-B954-A6C52FE71933}.Debug|Any CPU.ActiveCfg = Debug|Any CPU
		{3EFC107F-BD76-4F06-B954-A6C52FE71933}.Debug|Any CPU.Build.0 = Debug|Any CPU
		{3EFC107F-BD76-4F06-B954-A6C52FE71933}.Release|Any CPU.ActiveCfg = Release|Any CPU
		{3EFC107F-BD76-4F06-B954-A6C52FE71933}.Release|Any CPU.Build.0 = Release|Any CPU
	EndGlobalSection
	GlobalSection(SolutionProperties) = preSolution
		HideSolutionNode = FALSE
	EndGlobalSection
	GlobalSection(ExtensibilityGlobals) = postSolution
		SolutionGuid = {2892D240-5FF5-4BEA-815D-4DAF446F49EF}
	EndGlobalSection
EndGlobal
